
Microsoft Visual Studio Solution File, Format Version 12.00
# Visual Studio 15
VisualStudioVersion = 15.0.27004.2006
MinimumVisualStudioVersion = 10.0.40219.1
Project("{FAE04EC0-301F-11D3-BF4B-00C04F79EFBC}") = "Exe3", "Exe3\Exe3.csproj", "{C367CD81-234C-4F77-9289-2ACA8A19FF71}"
EndProject
Global
	GlobalSection(SolutionConfigurationPlatforms) = preSolution
		Debug|Any CPU = Debug|Any CPU
		Release|Any CPU = Release|Any CPU
	EndGlobalSection
	GlobalSection(ProjectConfigurationPlatforms) = postSolution
		{C367CD81-234C-4F77-9289-2ACA8A19FF71}.Debug|Any CPU.ActiveCfg = Debug|Any CPU
		{C367CD81-234C-4F77-9289-2ACA8A19FF71}.Debug|Any CPU.Build.0 = Debug|Any CPU
		{C367CD81-234C-4F77-9289-2ACA8A19FF71}.Release|Any CPU.ActiveCfg = Release|Any CPU
		{C367CD81-234C-4F77-9289-2ACA8A19FF71}.Release|Any CPU.Build.0 = Release|Any CPU
	EndGlobalSection
	GlobalSection(SolutionProperties) = preSolution
		HideSolutionNode = FALSE
	EndGlobalSection
	GlobalSection(ExtensibilityGlobals) = postSolution
		SolutionGuid = {2DF76F63-6F7E-45C6-9767-D34E77163B50}
	EndGlobalSection
EndGlobal
